PODS:
  - GoogleMaps (2.3.0):
    - GoogleMaps/Maps (= 2.3.0)
  - GoogleMaps/Base (2.3.0)
  - GoogleMaps/Maps (2.3.0):
    - GoogleMaps/Base
  - React (0.41.2):
    - React/Core (= 0.41.2)
  - React/Core (0.41.2):
    - React/cxxreact
    - React/yoga
  - React/cxxreact (0.41.2):
    - React/jschelpers
  - React/jschelpers (0.41.2)
  - React/yoga (0.41.2)
  - RNDeviceInfo (0.9.3):
    - React
  - RNVectorIcons (4.2.0):
    - React

DEPENDENCIES:
  - GoogleMaps
  - React (from `../node_modules/react-native`)
  - RNDeviceInfo (from `../node_modules/react-native-device-info`)
  - RNVectorIcons (from `../node_modules/react-native-vector-icons`)

EXTERNAL SOURCES:
  React:
    :path: "../node_modules/react-native"
  RNDeviceInfo:
    :path: "../node_modules/react-native-device-info"
  RNVectorIcons:
    :path: "../node_modules/react-native-vector-icons"

SPEC CHECKSUMS:
  GoogleMaps: 340a6a0bebd17c2db8abcd3921976c7c53c86cb8
  React: 2b10c07d947dea71c144a33764e9162ed81e3825
  RNDeviceInfo: dc3cbee96cd2392cf03d6ff6191dc15f1606a166
  RNVectorIcons: 6d98d83e944d15014d8071dd9819beb094c61133

PODFILE CHECKSUM: 3b122239f040541bb1282410782d4e97634ca6f8

COCOAPODS: 1.2.1
